// !$*UTF8*$!
{
	archiveVersion = 1;
	classes = {
	};
	objectVersion = 46;
	objects = {

/* Begin PBXBuildFile section */
		701BA141179999AC00F7B989 /* DamageSmoke.sks in Resources */ = {isa = PBXBuildFile; fileRef = 701BA140179999AC00F7B989 /* DamageSmoke.sks */; };
		704EA61D17A7C17E00201949 /* Explosion.sks in Resources */ = {isa = PBXBuildFile; fileRef = 704EA61C17A7C17E00201949 /* Explosion.sks */; };
		70907E8F17993D5A00F83417 /* Foundation.framework in Frameworks */ = {isa = PBXBuildFile; fileRef = 70907E8E17993D5A00F83417 /* Foundation.framework */; };
		70907E9117993D5A00F83417 /* CoreGraphics.framework in Frameworks */ = {isa = PBXBuildFile; fileRef = 70907E9017993D5A00F83417 /* CoreGraphics.framework */; };
		70907E9317993D5A00F83417 /* UIKit.framework in Frameworks */ = {isa = PBXBuildFile; fileRef = 70907E9217993D5A00F83417 /* UIKit.framework */; };
		70907E9517993D5A00F83417 /* SpriteKit.framework in Frameworks */ = {isa = PBXBuildFile; fileRef = 70907E9417993D5A00F83417 /* SpriteKit.framework */; };
		70907E9B17993D5A00F83417 /* InfoPlist.strings in Resources */ = {isa = PBXBuildFile; fileRef = 70907E9917993D5A00F83417 /* InfoPlist.strings */; };
		70907E9D17993D5A00F83417 /* main.m in Sources */ = {isa = PBXBuildFile; fileRef = 70907E9C17993D5A00F83417 /* main.m */; };
		70907EA117993D5A00F83417 /* AppDelegate.m in Sources */ = {isa = PBXBuildFile; fileRef = 70907EA017993D5A00F83417 /* AppDelegate.m */; };
		70907EA417993D5A00F83417 /* Main_iPhone.storyboard in Resources */ = {isa = PBXBuildFile; fileRef = 70907EA217993D5A00F83417 /* Main_iPhone.storyboard */; };
		70907EAA17993D5A00F83417 /* ViewController.m in Sources */ = {isa = PBXBuildFile; fileRef = 70907EA917993D5A00F83417 /* ViewController.m */; };
		70907EAD17993D5A00F83417 /* FighterGameScene.m in Sources */ = {isa = PBXBuildFile; fileRef = 70907EAC17993D5A00F83417 /* FighterGameScene.m */; };
		70907EB117993D5A00F83417 /* Images.xcassets in Resources */ = {isa = PBXBuildFile; fileRef = 70907EB017993D5A00F83417 /* Images.xcassets */; };
		70907ECF1799509A00F83417 /* CloudParticleEmitter.sks in Resources */ = {isa = PBXBuildFile; fileRef = 70907ECD1799509A00F83417 /* CloudParticleEmitter.sks */; };
		70907ED01799509A00F83417 /* spark.png in Resources */ = {isa = PBXBuildFile; fileRef = 70907ECE1799509A00F83417 /* spark.png */; };
		70E9FB8C17AA57DF00294419 /* Fire.sks in Resources */ = {isa = PBXBuildFile; fileRef = 70E9FB8B17AA57DF00294419 /* Fire.sks */; };
		70E9FB8F17AA5DBF00294419 /* Missile.m in Sources */ = {isa = PBXBuildFile; fileRef = 70E9FB8E17AA5DBF00294419 /* Missile.m */; };
		70E9FB9417AA5E6200294419 /* EnemyMissile.m in Sources */ = {isa = PBXBuildFile; fileRef = 70E9FB9317AA5E6200294419 /* EnemyMissile.m */; };
		70E9FB9717AA5E7300294419 /* HeroMissile.m in Sources */ = {isa = PBXBuildFile; fileRef = 70E9FB9617AA5E7300294419 /* HeroMissile.m */; };
		70E9FB9C17AA623500294419 /* HeroFighter.m in Sources */ = {isa = PBXBuildFile; fileRef = 70E9FB9B17AA623500294419 /* HeroFighter.m */; };
		70E9FB9F17AA635C00294419 /* SKEmitterNode+Utilities.m in Sources */ = {isa = PBXBuildFile; fileRef = 70E9FB9E17AA635C00294419 /* SKEmitterNode+Utilities.m */; };
		70ED4DFF17A9430E0036A3AC /* CoreMotion.framework in Frameworks */ = {isa = PBXBuildFile; fileRef = 70ED4DFE17A9430E0036A3AC /* CoreMotion.framework */; };
		8338762317E4DFAF00E736D3 /* enemy@2x.png in Resources */ = {isa = PBXBuildFile; fileRef = 8338762217E4DFAF00E736D3 /* enemy@2x.png */; };
		83F11EBC17C0BFA00007F3E7 /* EnemyFighter.m in Sources */ = {isa = PBXBuildFile; fileRef = 83F11EBB17C0BFA00007F3E7 /* EnemyFighter.m */; };
		83F11EBF17C0BFCA0007F3E7 /* Fighter.m in Sources */ = {isa = PBXBuildFile; fileRef = 83F11EBE17C0BFCA0007F3E7 /* Fighter.m */; };
		83FA1A9A17E24F0A009AE888 /* logo@2x.png in Resources */ = {isa = PBXBuildFile; fileRef = 83FA1A9917E24F0A009AE888 /* logo@2x.png */; };
		83FA1A9C17E26537009AE888 /* spitfire@2x.png in Resources */ = {isa = PBXBuildFile; fileRef = 83FA1A9B17E26537009AE888 /* spitfire@2x.png */; };
/* End PBXBuildFile section */

/* Begin PBXFileReference section */
		701BA140179999AC00F7B989 /* DamageSmoke.sks */ = {isa = PBXFileReference; lastKnownFileType = file.sks; path = DamageSmoke.sks; sourceTree = "<group>"; };
		704EA61C17A7C17E00201949 /* Explosion.sks */ = {isa = PBXFileReference; lastKnownFileType = file.sks; path = Explosion.sks; sourceTree = "<group>"; };
		70907E8B17993D5A00F83417 /* FirstSquadron.app */ = {isa = PBXFileReference; explicitFileType = wrapper.application; includeInIndex = 0; path = FirstSquadron.app; sourceTree = BUILT_PRODUCTS_DIR; };
		70907E8E17993D5A00F83417 /* Foundation.framework */ = {isa = PBXFileReference; lastKnownFileType = wrapper.framework; name = Foundation.framework; path = System/Library/Frameworks/Foundation.framework; sourceTree = SDKROOT; };
		70907E9017993D5A00F83417 /* CoreGraphics.framework */ = {isa = PBXFileReference; lastKnownFileType = wrapper.framework; name = CoreGraphics.framework; path = System/Library/Frameworks/CoreGraphics.framework; sourceTree = SDKROOT; };
		70907E9217993D5A00F83417 /* UIKit.framework */ = {isa = PBXFileReference; lastKnownFileType = wrapper.framework; name = UIKit.framework; path = System/Library/Frameworks/UIKit.framework; sourceTree = SDKROOT; };
		70907E9417993D5A00F83417 /* SpriteKit.framework */ = {isa = PBXFileReference; lastKnownFileType = wrapper.framework; name = SpriteKit.framework; path = System/Library/Frameworks/SpriteKit.framework; sourceTree = SDKROOT; };
		70907E9817993D5A00F83417 /* FirstSquadron-Info.plist */ = {isa = PBXFileReference; lastKnownFileType = text.plist.xml; path = "FirstSquadron-Info.plist"; sourceTree = "<group>"; };
		70907E9A17993D5A00F83417 /* en */ = {isa = PBXFileReference; lastKnownFileType = text.plist.strings; name = en; path = en.lproj/InfoPlist.strings; sourceTree = "<group>"; };
		70907E9C17993D5A00F83417 /* main.m */ = {isa = PBXFileReference; lastKnownFileType = sourcecode.c.objc; path = main.m; sourceTree = "<group>"; };
		70907E9E17993D5A00F83417 /* FirstSquadron-Prefix.pch */ = {isa = PBXFileReference; lastKnownFileType = sourcecode.c.h; path = "FirstSquadron-Prefix.pch"; sourceTree = "<group>"; };
		70907E9F17993D5A00F83417 /* AppDelegate.h */ = {isa = PBXFileReference; lastKnownFileType = sourcecode.c.h; lineEnding = 0; path = AppDelegate.h; sourceTree = "<group>"; xcLanguageSpecificationIdentifier = xcode.lang.objcpp; };
		70907EA017993D5A00F83417 /* AppDelegate.m */ = {isa = PBXFileReference; lastKnownFileType = sourcecode.c.objc; lineEnding = 0; path = AppDelegate.m; sourceTree = "<group>"; xcLanguageSpecificationIdentifier = xcode.lang.objc; };
		70907EA317993D5A00F83417 /* Base */ = {isa = PBXFileReference; lastKnownFileType = file.storyboard; name = Base; path = Base.lproj/Main_iPhone.storyboard; sourceTree = "<group>"; };
		70907EA817993D5A00F83417 /* ViewController.h */ = {isa = PBXFileReference; lastKnownFileType = sourcecode.c.h; path = ViewController.h; sourceTree = "<group>"; };
		70907EA917993D5A00F83417 /* ViewController.m */ = {isa = PBXFileReference; lastKnownFileType = sourcecode.c.objc; path = ViewController.m; sourceTree = "<group>"; };
		70907EAB17993D5A00F83417 /* FighterGameScene.h */ = {isa = PBXFileReference; lastKnownFileType = sourcecode.c.h; path = FighterGameScene.h; sourceTree = "<group>"; };
		70907EAC17993D5A00F83417 /* FighterGameScene.m */ = {isa = PBXFileReference; lastKnownFileType = sourcecode.c.objc; path = FighterGameScene.m; sourceTree = "<group>"; };
		70907EB017993D5A00F83417 /* Images.xcassets */ = {isa = PBXFileReference; lastKnownFileType = folder.assetcatalog; path = Images.xcassets; sourceTree = "<group>"; };
		70907ECD1799509A00F83417 /* CloudParticleEmitter.sks */ = {isa = PBXFileReference; lastKnownFileType = file.sks; path = CloudParticleEmitter.sks; sourceTree = "<group>"; };
		70907ECE1799509A00F83417 /* spark.png */ = {isa = PBXFileReference; lastKnownFileType = image.png; path = spark.png; sourceTree = "<group>"; };
		70E9FB8B17AA57DF00294419 /* Fire.sks */ = {isa = PBXFileReference; lastKnownFileType = file.sks; path = Fire.sks; sourceTree = "<group>"; };
		70E9FB8D17AA5DBF00294419 /* Missile.h */ = {isa = PBXFileReference; fileEncoding = 4; lastKnownFileType = sourcecode.c.h; path = Missile.h; sourceTree = "<group>"; };
		70E9FB8E17AA5DBF00294419 /* Missile.m */ = {isa = PBXFileReference; fileEncoding = 4; lastKnownFileType = sourcecode.c.objc; path = Missile.m; sourceTree = "<group>"; };
		70E9FB9217AA5E6200294419 /* EnemyMissile.h */ = {isa = PBXFileReference; fileEncoding = 4; lastKnownFileType = sourcecode.c.h; lineEnding = 0; path = EnemyMissile.h; sourceTree = "<group>"; xcLanguageSpecificationIdentifier = xcode.lang.objcpp; };
		70E9FB9317AA5E6200294419 /* EnemyMissile.m */ = {isa = PBXFileReference; fileEncoding = 4; lastKnownFileType = sourcecode.c.objc; path = EnemyMissile.m; sourceTree = "<group>"; };
		70E9FB9517AA5E7300294419 /* HeroMissile.h */ = {isa = PBXFileReference; fileEncoding = 4; lastKnownFileType = sourcecode.c.h; path = HeroMissile.h; sourceTree = "<group>"; };
		70E9FB9617AA5E7300294419 /* HeroMissile.m */ = {isa = PBXFileReference; fileEncoding = 4; lastKnownFileType = sourcecode.c.objc; path = HeroMissile.m; sourceTree = "<group>"; };
		70E9FB9817AA5EDB00294419 /* SpriteCategories.h */ = {isa = PBXFileReference; fileEncoding = 4; lastKnownFileType = sourcecode.c.h; path = SpriteCategories.h; sourceTree = "<group>"; };
		70E9FB9A17AA623500294419 /* HeroFighter.h */ = {isa = PBXFileReference; fileEncoding = 4; lastKnownFileType = sourcecode.c.h; path = HeroFighter.h; sourceTree = "<group>"; };
		70E9FB9B17AA623500294419 /* HeroFighter.m */ = {isa = PBXFileReference; fileEncoding = 4; lastKnownFileType = sourcecode.c.objc; path = HeroFighter.m; sourceTree = "<group>"; };
		70E9FB9D17AA635C00294419 /* SKEmitterNode+Utilities.h */ = {isa = PBXFileReference; fileEncoding = 4; lastKnownFileType = sourcecode.c.h; path = "SKEmitterNode+Utilities.h"; sourceTree = "<group>"; };
		70E9FB9E17AA635C00294419 /* SKEmitterNode+Utilities.m */ = {isa = PBXFileReference; fileEncoding = 4; lastKnownFileType = sourcecode.c.objc; path = "SKEmitterNode+Utilities.m"; sourceTree = "<group>"; };
		70ED4DFE17A9430E0036A3AC /* CoreMotion.framework */ = {isa = PBXFileReference; lastKnownFileType = wrapper.framework; name = CoreMotion.framework; path = System/Library/Frameworks/CoreMotion.framework; sourceTree = SDKROOT; };
		8338762217E4DFAF00E736D3 /* enemy@2x.png */ = {isa = PBXFileReference; lastKnownFileType = image.png; path = "enemy@2x.png"; sourceTree = "<group>"; };
		83F11EBA17C0BFA00007F3E7 /* EnemyFighter.h */ = {isa = PBXFileReference; fileEncoding = 4; lastKnownFileType = sourcecode.c.h; lineEnding = 0; path = EnemyFighter.h; sourceTree = "<group>"; xcLanguageSpecificationIdentifier = xcode.lang.objcpp; };
		83F11EBB17C0BFA00007F3E7 /* EnemyFighter.m */ = {isa = PBXFileReference; fileEncoding = 4; lastKnownFileType = sourcecode.c.objc; lineEnding = 0; path = EnemyFighter.m; sourceTree = "<group>"; xcLanguageSpecificationIdentifier = xcode.lang.objc; };
		83F11EBD17C0BFCA0007F3E7 /* Fighter.h */ = {isa = PBXFileReference; fileEncoding = 4; lastKnownFileType = sourcecode.c.h; path = Fighter.h; sourceTree = "<group>"; };
		83F11EBE17C0BFCA0007F3E7 /* Fighter.m */ = {isa = PBXFileReference; fileEncoding = 4; lastKnownFileType = sourcecode.c.objc; path = Fighter.m; sourceTree = "<group>"; };
		83FA1A9917E24F0A009AE888 /* logo@2x.png */ = {isa = PBXFileReference; lastKnownFileType = image.png; path = "logo@2x.png"; sourceTree = "<group>"; };
		83FA1A9B17E26537009AE888 /* spitfire@2x.png */ = {isa = PBXFileReference; lastKnownFileType = image.png; path = "spitfire@2x.png"; sourceTree = "<group>"; };
/* End PBXFileReference section */

/* Begin PBXFrameworksBuildPhase section */
		70907E8817993D5A00F83417 /* Frameworks */ = {
			isa = PBXFrameworksBuildPhase;
			buildActionMask = 2147483647;
			files = (
				70ED4DFF17A9430E0036A3AC /* CoreMotion.framework in Frameworks */,
				70907E9117993D5A00F83417 /* CoreGraphics.framework in Frameworks */,
				70907E9317993D5A00F83417 /* UIKit.framework in Frameworks */,
				70907E9517993D5A00F83417 /* SpriteKit.framework in Frameworks */,
				70907E8F17993D5A00F83417 /* Foundation.framework in Frameworks */,
			);
			runOnlyForDeploymentPostprocessing = 0;
		};
/* End PBXFrameworksBuildPhase section */

/* Begin PBXGroup section */
		70907E8217993D5A00F83417 = {
			isa = PBXGroup;
			children = (
				70907E9617993D5A00F83417 /* FirstSquadron */,
				70907E8D17993D5A00F83417 /* Frameworks */,
				70907E8C17993D5A00F83417 /* Products */,
			);
			sourceTree = "<group>";
		};
		70907E8C17993D5A00F83417 /* Products */ = {
			isa = PBXGroup;
			children = (
				70907E8B17993D5A00F83417 /* FirstSquadron.app */,
			);
			name = Products;
			sourceTree = "<group>";
		};
		70907E8D17993D5A00F83417 /* Frameworks */ = {
			isa = PBXGroup;
			children = (
				70ED4DFE17A9430E0036A3AC /* CoreMotion.framework */,
				70907E8E17993D5A00F83417 /* Foundation.framework */,
				70907E9017993D5A00F83417 /* CoreGraphics.framework */,
				70907E9217993D5A00F83417 /* UIKit.framework */,
				70907E9417993D5A00F83417 /* SpriteKit.framework */,
			);
			name = Frameworks;
			sourceTree = "<group>";
		};
		70907E9617993D5A00F83417 /* FirstSquadron */ = {
			isa = PBXGroup;
			children = (
				70907E9F17993D5A00F83417 /* AppDelegate.h */,
				70907EA017993D5A00F83417 /* AppDelegate.m */,
				70907EAB17993D5A00F83417 /* FighterGameScene.h */,
				70907EAC17993D5A00F83417 /* FighterGameScene.m */,
				70E9FB9D17AA635C00294419 /* SKEmitterNode+Utilities.h */,
				70E9FB9E17AA635C00294419 /* SKEmitterNode+Utilities.m */,
				70907EA817993D5A00F83417 /* ViewController.h */,
				70907EA917993D5A00F83417 /* ViewController.m */,
				70E9FB9017AA5E4700294419 /* Sprites */,
				70907E9717993D5A00F83417 /* Supporting Files */,
			);
			path = FirstSquadron;
			sourceTree = "<group>";
		};
		70907E9717993D5A00F83417 /* Supporting Files */ = {
			isa = PBXGroup;
			children = (
				834127C817C117B900B1898A /* Images */,
				834127C717C1179E00B1898A /* Particle Emitters */,
				70907E9817993D5A00F83417 /* FirstSquadron-Info.plist */,
				70907EA217993D5A00F83417 /* Main_iPhone.storyboard */,
				70907E9917993D5A00F83417 /* InfoPlist.strings */,
				70907E9C17993D5A00F83417 /* main.m */,
				70907E9E17993D5A00F83417 /* FirstSquadron-Prefix.pch */,
			);
			name = "Supporting Files";
			sourceTree = "<group>";
		};
		70E9FB9017AA5E4700294419 /* Sprites */ = {
			isa = PBXGroup;
			children = (
				70E9FB9817AA5EDB00294419 /* SpriteCategories.h */,
				70E9FB9917AA61B800294419 /* Fighters */,
				70E9FB9117AA5E5000294419 /* Missiles */,
			);
			name = Sprites;
			sourceTree = "<group>";
		};
		70E9FB9117AA5E5000294419 /* Missiles */ = {
			isa = PBXGroup;
			children = (
				70E9FB8D17AA5DBF00294419 /* Missile.h */,
				70E9FB8E17AA5DBF00294419 /* Missile.m */,
				70E9FB9217AA5E6200294419 /* EnemyMissile.h */,
				70E9FB9317AA5E6200294419 /* EnemyMissile.m */,
				70E9FB9517AA5E7300294419 /* HeroMissile.h */,
				70E9FB9617AA5E7300294419 /* HeroMissile.m */,
			);
			name = Missiles;
			sourceTree = "<group>";
		};
		70E9FB9917AA61B800294419 /* Fighters */ = {
			isa = PBXGroup;
			children = (
				70E9FB9A17AA623500294419 /* HeroFighter.h */,
				70E9FB9B17AA623500294419 /* HeroFighter.m */,
				83F11EBA17C0BFA00007F3E7 /* EnemyFighter.h */,
				83F11EBB17C0BFA00007F3E7 /* EnemyFighter.m */,
				83F11EBD17C0BFCA0007F3E7 /* Fighter.h */,
				83F11EBE17C0BFCA0007F3E7 /* Fighter.m */,
			);
			name = Fighters;
			sourceTree = "<group>";
		};
		834127C717C1179E00B1898A /* Particle Emitters */ = {
			isa = PBXGroup;
			children = (
				70E9FB8B17AA57DF00294419 /* Fire.sks */,
				70907ECD1799509A00F83417 /* CloudParticleEmitter.sks */,
				701BA140179999AC00F7B989 /* DamageSmoke.sks */,
				704EA61C17A7C17E00201949 /* Explosion.sks */,
			);
			name = "Particle Emitters";
			sourceTree = "<group>";
		};
		834127C817C117B900B1898A /* Images */ = {
			isa = PBXGroup;
			children = (
				83FA1A9B17E26537009AE888 /* spitfire@2x.png */,
				8338762217E4DFAF00E736D3 /* enemy@2x.png */,
				70907EB017993D5A00F83417 /* Images.xcassets */,
				70907ECE1799509A00F83417 /* spark.png */,
				83FA1A9917E24F0A009AE888 /* logo@2x.png */,
			);
			name = Images;
			sourceTree = "<group>";
		};
/* End PBXGroup section */

/* Begin PBXNativeTarget section */
		70907E8A17993D5A00F83417 /* FirstSquadron */ = {
			isa = PBXNativeTarget;
			buildConfigurationList = 70907EC717993D5A00F83417 /* Build configuration list for PBXNativeTarget "FirstSquadron" */;
			buildPhases = (
				70907E8717993D5A00F83417 /* Sources */,
				70907E8817993D5A00F83417 /* Frameworks */,
				70907E8917993D5A00F83417 /* Resources */,
			);
			buildRules = (
			);
			dependencies = (
			);
			name = FirstSquadron;
			productName = FirstSquadron;
			productReference = 70907E8B17993D5A00F83417 /* FirstSquadron.app */;
			productType = "com.apple.product-type.application";
		};
/* End PBXNativeTarget section */

/* Begin PBXProject section */
		70907E8317993D5A00F83417 /* Project object */ = {
			isa = PBXProject;
			attributes = {
				LastUpgradeCheck = 0500;
				ORGANIZATIONNAME = TODO;
			};
			buildConfigurationList = 70907E8617993D5A00F83417 /* Build configuration list for PBXProject "FirstSquadron" */;
			compatibilityVersion = "Xcode 3.2";
			developmentRegion = English;
			hasScannedForEncodings = 0;
			knownRegions = (
				en,
				Base,
			);
			mainGroup = 70907E8217993D5A00F83417;
			productRefGroup = 70907E8C17993D5A00F83417 /* Products */;
			projectDirPath = "";
			projectRoot = "";
			targets = (
				70907E8A17993D5A00F83417 /* FirstSquadron */,
			);
		};
/* End PBXProject section */

/* Begin PBXResourcesBuildPhase section */
		70907E8917993D5A00F83417 /* Resources */ = {
			isa = PBXResourcesBuildPhase;
			buildActionMask = 2147483647;
			files = (
				70907EB117993D5A00F83417 /* Images.xcassets in Resources */,
				70907ED01799509A00F83417 /* spark.png in Resources */,
				70907EA417993D5A00F83417 /* Main_iPhone.storyboard in Resources */,
				70907ECF1799509A00F83417 /* CloudParticleEmitter.sks in Resources */,
				83FA1A9A17E24F0A009AE888 /* logo@2x.png in Resources */,
				8338762317E4DFAF00E736D3 /* enemy@2x.png in Resources */,
				70907E9B17993D5A00F83417 /* InfoPlist.strings in Resources */,
				701BA141179999AC00F7B989 /* DamageSmoke.sks in Resources */,
				704EA61D17A7C17E00201949 /* Explosion.sks in Resources */,
				83FA1A9C17E26537009AE888 /* spitfire@2x.png in Resources */,
				70E9FB8C17AA57DF00294419 /* Fire.sks in Resources */,
			);
			runOnlyForDeploymentPostprocessing = 0;
		};
/* End PBXResourcesBuildPhase section */

/* Begin PBXSourcesBuildPhase section */
		70907E8717993D5A00F83417 /* Sources */ = {
			isa = PBXSourcesBuildPhase;
			buildActionMask = 2147483647;
			files = (
				70E9FB8F17AA5DBF00294419 /* Missile.m in Sources */,
				70907EAD17993D5A00F83417 /* FighterGameScene.m in Sources */,
				83F11EBC17C0BFA00007F3E7 /* EnemyFighter.m in Sources */,
				70E9FB9717AA5E7300294419 /* HeroMissile.m in Sources */,
				70907EAA17993D5A00F83417 /* ViewController.m in Sources */,
				70E9FB9F17AA635C00294419 /* SKEmitterNode+Utilities.m in Sources */,
				83F11EBF17C0BFCA0007F3E7 /* Fighter.m in Sources */,
				70E9FB9417AA5E6200294419 /* EnemyMissile.m in Sources */,
				70907EA117993D5A00F83417 /* AppDelegate.m in Sources */,
				70907E9D17993D5A00F83417 /* main.m in Sources */,
				70E9FB9C17AA623500294419 /* HeroFighter.m in Sources */,
			);
			runOnlyForDeploymentPostprocessing = 0;
		};
/* End PBXSourcesBuildPhase section */

/* Begin PBXVariantGroup section */
		70907E9917993D5A00F83417 /* InfoPlist.strings */ = {
			isa = PBXVariantGroup;
			children = (
				70907E9A17993D5A00F83417 /* en */,
			);
			name = InfoPlist.strings;
			sourceTree = "<group>";
		};
		70907EA217993D5A00F83417 /* Main_iPhone.storyboard */ = {
			isa = PBXVariantGroup;
			children = (
				70907EA317993D5A00F83417 /* Base */,
			);
			name = Main_iPhone.storyboard;
			sourceTree = "<group>";
		};
/* End PBXVariantGroup section */

/* Begin XCBuildConfiguration section */
		70907EC517993D5A00F83417 /* Debug */ = {
			isa = XCBuildConfiguration;
			buildSettings = {
				ALWAYS_SEARCH_USER_PATHS = NO;
				CLANG_CXX_LANGUAGE_STANDARD = "gnu++0x";
				CLANG_CXX_LIBRARY = "libc++";
				CLANG_ENABLE_MODULES = YES;
				CLANG_ENABLE_OBJC_ARC = YES;
				CLANG_WARN_BOOL_CONVERSION = YES;
				CLANG_WARN_CONSTANT_CONVERSION = YES;
				CLANG_WARN_DIRECT_OBJC_ISA_USAGE = YES_ERROR;
				CLANG_WARN_EMPTY_BODY = YES;
				CLANG_WARN_ENUM_CONVERSION = YES;
				CLANG_WARN_INT_CONVERSION = YES;
				CLANG_WARN_OBJC_ROOT_CLASS = YES_ERROR;
				CLANG_WARN__DUPLICATE_METHOD_MATCH = YES;
				"CODE_SIGN_IDENTITY[sdk=iphoneos*]" = "iPhone Developer";
				COPY_PHASE_STRIP = NO;
				GCC_C_LANGUAGE_STANDARD = gnu99;
				GCC_DYNAMIC_NO_PIC = NO;
				GCC_OPTIMIZATION_LEVEL = 0;
				GCC_PREPROCESSOR_DEFINITIONS = (
					"DEBUG=1",
					"$(inherited)",
				);
				GCC_SYMBOLS_PRIVATE_EXTERN = NO;
				GCC_WARN_ABOUT_RETURN_TYPE = YES_ERROR;
				GCC_WARN_UNDECLARED_SELECTOR = YES;
				GCC_WARN_UNINITIALIZED_AUTOS = YES;
				GCC_WARN_UNUSED_FUNCTION = YES;
				GCC_WARN_UNUSED_VARIABLE = YES;
				IPHONEOS_DEPLOYMENT_TARGET = 7.0;
				ONLY_ACTIVE_ARCH = YES;
				SDKROOT = iphoneos;
				TARGETED_DEVICE_FAMILY = "1,2";
			};
			name = Debug;
		};
		70907EC617993D5A00F83417 /* Release */ = {
			isa = XCBuildConfiguration;
			buildSettings = {
				ALWAYS_SEARCH_USER_PATHS = NO;
				CLANG_CXX_LANGUAGE_STANDARD = "gnu++0x";
				CLANG_CXX_LIBRARY = "libc++";
				CLANG_ENABLE_MODULES = YES;
				CLANG_ENABLE_OBJC_ARC = YES;
				CLANG_WARN_BOOL_CONVERSION = YES;
				CLANG_WARN_CONSTANT_CONVERSION = YES;
				CLANG_WARN_DIRECT_OBJC_ISA_USAGE = YES_ERROR;
				CLANG_WARN_EMPTY_BODY = YES;
				CLANG_WARN_ENUM_CONVERSION = YES;
				CLANG_WARN_INT_CONVERSION = YES;
				CLANG_WARN_OBJC_ROOT_CLASS = YES_ERROR;
				CLANG_WARN__DUPLICATE_METHOD_MATCH = YES;
				"CODE_SIGN_IDENTITY[sdk=iphoneos*]" = "iPhone Developer";
				COPY_PHASE_STRIP = YES;
				ENABLE_NS_ASSERTIONS = NO;
				GCC_C_LANGUAGE_STANDARD = gnu99;
				GCC_WARN_ABOUT_RETURN_TYPE = YES_ERROR;
				GCC_WARN_UNDECLARED_SELECTOR = YES;
				GCC_WARN_UNINITIALIZED_AUTOS = YES;
				GCC_WARN_UNUSED_FUNCTION = YES;
				GCC_WARN_UNUSED_VARIABLE = YES;
				IPHONEOS_DEPLOYMENT_TARGET = 7.0;
				SDKROOT = iphoneos;
				TARGETED_DEVICE_FAMILY = "1,2";
				VALIDATE_PRODUCT = YES;
			};
			name = Release;
		};
		70907EC817993D5A00F83417 /* Debug */ = {
			isa = XCBuildConfiguration;
			buildSettings = {
				ASSETCATALOG_COMPILER_APPICON_NAME = AppIcon;
				ASSETCATALOG_COMPILER_LAUNCHIMAGE_NAME = LaunchImage;
				GCC_PRECOMPILE_PREFIX_HEADER = YES;
				GCC_PREFIX_HEADER = "FirstSquadron/FirstSquadron-Prefix.pch";
				INFOPLIST_FILE = "FirstSquadron/FirstSquadron-Info.plist";
				PRODUCT_NAME = FirstSquadron;
				SPRITEKIT_TEXTURE_ATLAS_OUTPUT = YES;
				WRAPPER_EXTENSION = app;
			};
			name = Debug;
		};
		70907EC917993D5A00F83417 /* Release */ = {
			isa = XCBuildConfiguration;
			buildSettings = {
				ASSETCATALOG_COMPILER_APPICON_NAME = AppIcon;
				ASSETCATALOG_COMPILER_LAUNCHIMAGE_NAME = LaunchImage;
				GCC_PRECOMPILE_PREFIX_HEADER = YES;
				GCC_PREFIX_HEADER = "FirstSquadron/FirstSquadron-Prefix.pch";
				INFOPLIST_FILE = "FirstSquadron/FirstSquadron-Info.plist";
				PRODUCT_NAME = FirstSquadron;
				SPRITEKIT_TEXTURE_ATLAS_OUTPUT = YES;
				WRAPPER_EXTENSION = app;
			};
			name = Release;
		};
/* End XCBuildConfiguration section */

/* Begin XCConfigurationList section */
		70907E8617993D5A00F83417 /* Build configuration list for PBXProject "FirstSquadron" */ = {
			isa = XCConfigurationList;
			buildConfigurations = (
				70907EC517993D5A00F83417 /* Debug */,
				70907EC617993D5A00F83417 /* Release */,
			);
			defaultConfigurationIsVisible = 0;
			defaultConfigurationName = Release;
		};
		70907EC717993D5A00F83417 /* Build configuration list for PBXNativeTarget "FirstSquadron" */ = {
			isa = XCConfigurationList;
			buildConfigurations = (
				70907EC817993D5A00F83417 /* Debug */,
				70907EC917993D5A00F83417 /* Release */,
			);
			defaultConfigurationIsVisible = 0;
			defaultConfigurationName = Release;
		};
/* End XCConfigurationList section */
	};
	rootObject = 70907E8317993D5A00F83417 /* Project object */;
}
